<?xml version="1.0" encoding="UTF-8"?>
<CodeBlocks_project_file>
	<FileVersion major="1" minor="6"/>
	<Project>
		<Option title="client_interface"/>
		<Option makefile_is_custom="1"/>
		<Option compiler="gcc"/>
		<Option virtualFolders="CMake Files\;CMake Files\..\;CMake Files\..\..\;CMake Files\..\..\..\;CMake Files\..\..\..\..\;CMake Files\..\..\..\..\..\;CMake Files\..\..\..\..\..\Qt\;CMake Files\..\..\..\..\..\Qt\Tools\;CMake Files\..\..\..\..\..\Qt\Tools\QtCreator\;CMake Files\..\..\..\..\..\Qt\Tools\QtCreator\share\;CMake Files\..\..\..\..\..\Qt\Tools\QtCreator\share\qtcreator\;CMake Files\..\..\..\..\..\Qt\Tools\QtCreator\share\qtcreator\package-manager\;CMake Files\..\..\..\..\..\..\;CMake Files\..\..\..\..\..\..\..\;CMake Files\..\..\..\..\..\..\..\usr\;CMake Files\..\..\..\..\..\..\..\usr\lib\;CMake Files\..\..\..\..\..\..\..\usr\lib\x86_64-linux-gnu\;CMake Files\..\..\..\..\..\..\..\usr\lib\x86_64-linux-gnu\cmake\;CMake Files\..\..\..\..\..\..\..\usr\lib\x86_64-linux-gnu\cmake\Qt5\;CMake Files\..\..\..\..\..\..\..\usr\lib\x86_64-linux-gnu\cmake\Qt5Widgets\;CMake Files\..\..\..\..\..\..\..\usr\lib\x86_64-linux-gnu\cmake\Qt5Gui\;CMake Files\..\..\..\..\..\..\..\usr\lib\x86_64-linux-gnu\cmake\Qt5Core\;CMake Files\..\..\..\..\..\..\..\usr\lib\x86_64-linux-gnu\cmake\yaml-cpp\;CMake Files\lib\;CMake Files\lib\libSDL2pp\;CMake Files\lib\libSDL2pp\cmake\;CMake Files\lib\libSDL2pp\SDL2pp\;"/>
		<Build>
			<Target title="all">
				<Option working_dir="/home/pilar/Escritorio/tp3_taller/Dune_TP3/client/build-client_interface-Desktop-Debug"/>
				<Option type="4"/>
				<MakeCommands>
					<Build command="/usr/bin/make -j4 -f &quot;/home/pilar/Escritorio/tp3_taller/Dune_TP3/client/build-client_interface-Desktop-Debug/Makefile&quot;  VERBOSE=1 all"/>
					<CompileFile command="/usr/bin/make -j4 -f &quot;/home/pilar/Escritorio/tp3_taller/Dune_TP3/client/build-client_interface-Desktop-Debug/Makefile&quot;  VERBOSE=1 &quot;$file&quot;"/>
					<Clean command="/usr/bin/make -j4 -f &quot;/home/pilar/Escritorio/tp3_taller/Dune_TP3/client/build-client_interface-Desktop-Debug/Makefile&quot;  VERBOSE=1 clean"/>
					<DistClean command="/usr/bin/make -j4 -f &quot;/home/pilar/Escritorio/tp3_taller/Dune_TP3/client/build-client_interface-Desktop-Debug/Makefile&quot;  VERBOSE=1 clean"/>
				</MakeCommands>
			</Target>
			<Target title="rebuild_cache">
				<Option working_dir="/home/pilar/Escritorio/tp3_taller/Dune_TP3/client/build-client_interface-Desktop-Debug"/>
				<Option type="4"/>
				<MakeCommands>
					<Build command="/usr/bin/make -j4 -f &quot;/home/pilar/Escritorio/tp3_taller/Dune_TP3/client/build-client_interface-Desktop-Debug/Makefile&quot;  VERBOSE=1 rebuild_cache"/>
					<CompileFile command="/usr/bin/make -j4 -f &quot;/home/pilar/Escritorio/tp3_taller/Dune_TP3/client/build-client_interface-Desktop-Debug/Makefile&quot;  VERBOSE=1 &quot;$file&quot;"/>
					<Clean command="/usr/bin/make -j4 -f &quot;/home/pilar/Escritorio/tp3_taller/Dune_TP3/client/build-client_interface-Desktop-Debug/Makefile&quot;  VERBOSE=1 clean"/>
					<DistClean command="/usr/bin/make -j4 -f &quot;/home/pilar/Escritorio/tp3_taller/Dune_TP3/client/build-client_interface-Desktop-Debug/Makefile&quot;  VERBOSE=1 clean"/>
				</MakeCommands>
			</Target>
			<Target title="edit_cache">
				<Option working_dir="/home/pilar/Escritorio/tp3_taller/Dune_TP3/client/build-client_interface-Desktop-Debug"/>
				<Option type="4"/>
				<MakeCommands>
					<Build command="/usr/bin/make -j4 -f &quot;/home/pilar/Escritorio/tp3_taller/Dune_TP3/client/build-client_interface-Desktop-Debug/Makefile&quot;  VERBOSE=1 edit_cache"/>
					<CompileFile command="/usr/bin/make -j4 -f &quot;/home/pilar/Escritorio/tp3_taller/Dune_TP3/client/build-client_interface-Desktop-Debug/Makefile&quot;  VERBOSE=1 &quot;$file&quot;"/>
					<Clean command="/usr/bin/make -j4 -f &quot;/home/pilar/Escritorio/tp3_taller/Dune_TP3/client/build-client_interface-Desktop-Debug/Makefile&quot;  VERBOSE=1 clean"/>
					<DistClean command="/usr/bin/make -j4 -f &quot;/home/pilar/Escritorio/tp3_taller/Dune_TP3/client/build-client_interface-Desktop-Debug/Makefile&quot;  VERBOSE=1 clean"/>
				</MakeCommands>
			</Target>
			<Target title="client_interface">
				<Option output="/home/pilar/Escritorio/tp3_taller/Dune_TP3/client/build-client_interface-Desktop-Debug/client_interface" prefix_auto="0" extension_auto="0"/>
				<Option working_dir="/home/pilar/Escritorio/tp3_taller/Dune_TP3/client/build-client_interface-Desktop-Debug"/>
				<Option object_output="./"/>
				<Option type="0"/>
				<Option compiler="gcc"/>
				<Compiler>
					<Add option="-DQT_WIDGETS_LIB"/>
					<Add option="-DQT_GUI_LIB"/>
					<Add option="-DQT_CORE_LIB"/>
					<Add directory="/home/pilar/Escritorio/tp3_taller/Dune_TP3/client/build-client_interface-Desktop-Debug"/>
					<Add directory="/home/pilar/Escritorio/tp3_taller/Dune_TP3/client/client_interface"/>
					<Add directory="/home/pilar/Escritorio/tp3_taller/Dune_TP3/client/build-client_interface-Desktop-Debug/client_interface_autogen/include"/>
					<Add directory="/home/pilar/Escritorio/tp3_taller/Dune_TP3/client/client_interface/libs"/>
					<Add directory="/home/pilar/Escritorio/tp3_taller/Dune_TP3/client/client_interface/lib/libSDL2pp"/>
					<Add directory="/home/pilar/Escritorio/tp3_taller/Dune_TP3/client/build-client_interface-Desktop-Debug/lib/libSDL2pp"/>
					<Add directory="/usr/include/SDL2"/>
					<Add directory="/usr/include/x86_64-linux-gnu/qt5"/>
					<Add directory="/usr/include/x86_64-linux-gnu/qt5/QtWidgets"/>
					<Add directory="/usr/include/x86_64-linux-gnu/qt5/QtGui"/>
					<Add directory="/usr/include/x86_64-linux-gnu/qt5/QtCore"/>
					<Add directory="/usr/lib/x86_64-linux-gnu/qt5/mkspecs/linux-g++"/>
					<Add directory="/usr/include/c++/9"/>
					<Add directory="/usr/include/x86_64-linux-gnu/c++/9"/>
					<Add directory="/usr/include/c++/9/backward"/>
					<Add directory="/usr/lib/gcc/x86_64-linux-gnu/9/include"/>
					<Add directory="/usr/local/include"/>
					<Add directory="/usr/include/x86_64-linux-gnu"/>
					<Add directory="/usr/include"/>
				</Compiler>
				<MakeCommands>
					<Build command="/usr/bin/make -j4 -f &quot;/home/pilar/Escritorio/tp3_taller/Dune_TP3/client/build-client_interface-Desktop-Debug/Makefile&quot;  VERBOSE=1 client_interface"/>
					<CompileFile command="/usr/bin/make -j4 -f &quot;/home/pilar/Escritorio/tp3_taller/Dune_TP3/client/build-client_interface-Desktop-Debug/Makefile&quot;  VERBOSE=1 &quot;$file&quot;"/>
					<Clean command="/usr/bin/make -j4 -f &quot;/home/pilar/Escritorio/tp3_taller/Dune_TP3/client/build-client_interface-Desktop-Debug/Makefile&quot;  VERBOSE=1 clean"/>
					<DistClean command="/usr/bin/make -j4 -f &quot;/home/pilar/Escritorio/tp3_taller/Dune_TP3/client/build-client_interface-Desktop-Debug/Makefile&quot;  VERBOSE=1 clean"/>
				</MakeCommands>
			</Target>
			<Target title="client_interface/fast">
				<Option output="/home/pilar/Escritorio/tp3_taller/Dune_TP3/client/build-client_interface-Desktop-Debug/client_interface" prefix_auto="0" extension_auto="0"/>
				<Option working_dir="/home/pilar/Escritorio/tp3_taller/Dune_TP3/client/build-client_interface-Desktop-Debug"/>
				<Option object_output="./"/>
				<Option type="0"/>
				<Option compiler="gcc"/>
				<Compiler>
					<Add option="-DQT_WIDGETS_LIB"/>
					<Add option="-DQT_GUI_LIB"/>
					<Add option="-DQT_CORE_LIB"/>
					<Add directory="/home/pilar/Escritorio/tp3_taller/Dune_TP3/client/build-client_interface-Desktop-Debug"/>
					<Add directory="/home/pilar/Escritorio/tp3_taller/Dune_TP3/client/client_interface"/>
					<Add directory="/home/pilar/Escritorio/tp3_taller/Dune_TP3/client/build-client_interface-Desktop-Debug/client_interface_autogen/include"/>
					<Add directory="/home/pilar/Escritorio/tp3_taller/Dune_TP3/client/client_interface/libs"/>
					<Add directory="/home/pilar/Escritorio/tp3_taller/Dune_TP3/client/client_interface/lib/libSDL2pp"/>
					<Add directory="/home/pilar/Escritorio/tp3_taller/Dune_TP3/client/build-client_interface-Desktop-Debug/lib/libSDL2pp"/>
					<Add directory="/usr/include/SDL2"/>
					<Add directory="/usr/include/x86_64-linux-gnu/qt5"/>
					<Add directory="/usr/include/x86_64-linux-gnu/qt5/QtWidgets"/>
					<Add directory="/usr/include/x86_64-linux-gnu/qt5/QtGui"/>
					<Add directory="/usr/include/x86_64-linux-gnu/qt5/QtCore"/>
					<Add directory="/usr/lib/x86_64-linux-gnu/qt5/mkspecs/linux-g++"/>
					<Add directory="/usr/include/c++/9"/>
					<Add directory="/usr/include/x86_64-linux-gnu/c++/9"/>
					<Add directory="/usr/include/c++/9/backward"/>
					<Add directory="/usr/lib/gcc/x86_64-linux-gnu/9/include"/>
					<Add directory="/usr/local/include"/>
					<Add directory="/usr/include/x86_64-linux-gnu"/>
					<Add directory="/usr/include"/>
				</Compiler>
				<MakeCommands>
					<Build command="/usr/bin/make -j4 -f &quot;/home/pilar/Escritorio/tp3_taller/Dune_TP3/client/build-client_interface-Desktop-Debug/Makefile&quot;  VERBOSE=1 client_interface/fast"/>
					<CompileFile command="/usr/bin/make -j4 -f &quot;/home/pilar/Escritorio/tp3_taller/Dune_TP3/client/build-client_interface-Desktop-Debug/Makefile&quot;  VERBOSE=1 &quot;$file&quot;"/>
					<Clean command="/usr/bin/make -j4 -f &quot;/home/pilar/Escritorio/tp3_taller/Dune_TP3/client/build-client_interface-Desktop-Debug/Makefile&quot;  VERBOSE=1 clean"/>
					<DistClean command="/usr/bin/make -j4 -f &quot;/home/pilar/Escritorio/tp3_taller/Dune_TP3/client/build-client_interface-Desktop-Debug/Makefile&quot;  VERBOSE=1 clean"/>
				</MakeCommands>
			</Target>
			<Target title="client_interface_autogen">
				<Option working_dir="/home/pilar/Escritorio/tp3_taller/Dune_TP3/client/build-client_interface-Desktop-Debug"/>
				<Option type="4"/>
				<MakeCommands>
					<Build command="/usr/bin/make -j4 -f &quot;/home/pilar/Escritorio/tp3_taller/Dune_TP3/client/build-client_interface-Desktop-Debug/Makefile&quot;  VERBOSE=1 client_interface_autogen"/>
					<CompileFile command="/usr/bin/make -j4 -f &quot;/home/pilar/Escritorio/tp3_taller/Dune_TP3/client/build-client_interface-Desktop-Debug/Makefile&quot;  VERBOSE=1 &quot;$file&quot;"/>
					<Clean command="/usr/bin/make -j4 -f &quot;/home/pilar/Escritorio/tp3_taller/Dune_TP3/client/build-client_interface-Desktop-Debug/Makefile&quot;  VERBOSE=1 clean"/>
					<DistClean command="/usr/bin/make -j4 -f &quot;/home/pilar/Escritorio/tp3_taller/Dune_TP3/client/build-client_interface-Desktop-Debug/Makefile&quot;  VERBOSE=1 clean"/>
				</MakeCommands>
			</Target>
			<Target title="SDL2pp">
				<Option output="/home/pilar/Escritorio/tp3_taller/Dune_TP3/client/build-client_interface-Desktop-Debug/lib/libSDL2pp/libSDL2pp.a" prefix_auto="0" extension_auto="0"/>
				<Option working_dir="/home/pilar/Escritorio/tp3_taller/Dune_TP3/client/build-client_interface-Desktop-Debug/lib/libSDL2pp"/>
				<Option object_output="./"/>
				<Option type="2"/>
				<Option compiler="gcc"/>
				<Compiler>
					<Add directory="/home/pilar/Escritorio/tp3_taller/Dune_TP3/client/build-client_interface-Desktop-Debug/lib/libSDL2pp"/>
					<Add directory="/home/pilar/Escritorio/tp3_taller/Dune_TP3/client/client_interface/lib/libSDL2pp"/>
					<Add directory="/home/pilar/Escritorio/tp3_taller/Dune_TP3/client/build-client_interface-Desktop-Debug/lib/libSDL2pp/SDL2pp_autogen/include"/>
					<Add directory="/usr/include/SDL2"/>
					<Add directory="/usr/include/c++/9"/>
					<Add directory="/usr/include/x86_64-linux-gnu/c++/9"/>
					<Add directory="/usr/include/c++/9/backward"/>
					<Add directory="/usr/lib/gcc/x86_64-linux-gnu/9/include"/>
					<Add directory="/usr/local/include"/>
					<Add directory="/usr/include/x86_64-linux-gnu"/>
					<Add directory="/usr/include"/>
				</Compiler>
				<MakeCommands>
					<Build command="/usr/bin/make -j4 -f &quot;/home/pilar/Escritorio/tp3_taller/Dune_TP3/client/build-client_interface-Desktop-Debug/lib/libSDL2pp/Makefile&quot;  VERBOSE=1 SDL2pp"/>
					<CompileFile command="/usr/bin/make -j4 -f &quot;/home/pilar/Escritorio/tp3_taller/Dune_TP3/client/build-client_interface-Desktop-Debug/lib/libSDL2pp/Makefile&quot;  VERBOSE=1 &quot;$file&quot;"/>
					<Clean command="/usr/bin/make -j4 -f &quot;/home/pilar/Escritorio/tp3_taller/Dune_TP3/client/build-client_interface-Desktop-Debug/lib/libSDL2pp/Makefile&quot;  VERBOSE=1 clean"/>
					<DistClean command="/usr/bin/make -j4 -f &quot;/home/pilar/Escritorio/tp3_taller/Dune_TP3/client/build-client_interface-Desktop-Debug/lib/libSDL2pp/Makefile&quot;  VERBOSE=1 clean"/>
				</MakeCommands>
			</Target>
			<Target title="SDL2pp/fast">
				<Option output="/home/pilar/Escritorio/tp3_taller/Dune_TP3/client/build-client_interface-Desktop-Debug/lib/libSDL2pp/libSDL2pp.a" prefix_auto="0" extension_auto="0"/>
				<Option working_dir="/home/pilar/Escritorio/tp3_taller/Dune_TP3/client/build-client_interface-Desktop-Debug/lib/libSDL2pp"/>
				<Option object_output="./"/>
				<Option type="2"/>
				<Option compiler="gcc"/>
				<Compiler>
					<Add directory="/home/pilar/Escritorio/tp3_taller/Dune_TP3/client/build-client_interface-Desktop-Debug/lib/libSDL2pp"/>
					<Add directory="/home/pilar/Escritorio/tp3_taller/Dune_TP3/client/client_interface/lib/libSDL2pp"/>
					<Add directory="/home/pilar/Escritorio/tp3_taller/Dune_TP3/client/build-client_interface-Desktop-Debug/lib/libSDL2pp/SDL2pp_autogen/include"/>
					<Add directory="/usr/include/SDL2"/>
					<Add directory="/usr/include/c++/9"/>
					<Add directory="/usr/include/x86_64-linux-gnu/c++/9"/>
					<Add directory="/usr/include/c++/9/backward"/>
					<Add directory="/usr/lib/gcc/x86_64-linux-gnu/9/include"/>
					<Add directory="/usr/local/include"/>
					<Add directory="/usr/include/x86_64-linux-gnu"/>
					<Add directory="/usr/include"/>
				</Compiler>
				<MakeCommands>
					<Build command="/usr/bin/make -j4 -f &quot;/home/pilar/Escritorio/tp3_taller/Dune_TP3/client/build-client_interface-Desktop-Debug/lib/libSDL2pp/Makefile&quot;  VERBOSE=1 SDL2pp/fast"/>
					<CompileFile command="/usr/bin/make -j4 -f &quot;/home/pilar/Escritorio/tp3_taller/Dune_TP3/client/build-client_interface-Desktop-Debug/lib/libSDL2pp/Makefile&quot;  VERBOSE=1 &quot;$file&quot;"/>
					<Clean command="/usr/bin/make -j4 -f &quot;/home/pilar/Escritorio/tp3_taller/Dune_TP3/client/build-client_interface-Desktop-Debug/lib/libSDL2pp/Makefile&quot;  VERBOSE=1 clean"/>
					<DistClean command="/usr/bin/make -j4 -f &quot;/home/pilar/Escritorio/tp3_taller/Dune_TP3/client/build-client_interface-Desktop-Debug/lib/libSDL2pp/Makefile&quot;  VERBOSE=1 clean"/>
				</MakeCommands>
			</Target>
			<Target title="SDL2pp_autogen">
				<Option working_dir="/home/pilar/Escritorio/tp3_taller/Dune_TP3/client/build-client_interface-Desktop-Debug/lib/libSDL2pp"/>
				<Option type="4"/>
				<MakeCommands>
					<Build command="/usr/bin/make -j4 -f &quot;/home/pilar/Escritorio/tp3_taller/Dune_TP3/client/build-client_interface-Desktop-Debug/lib/libSDL2pp/Makefile&quot;  VERBOSE=1 SDL2pp_autogen"/>
					<CompileFile command="/usr/bin/make -j4 -f &quot;/home/pilar/Escritorio/tp3_taller/Dune_TP3/client/build-client_interface-Desktop-Debug/lib/libSDL2pp/Makefile&quot;  VERBOSE=1 &quot;$file&quot;"/>
					<Clean command="/usr/bin/make -j4 -f &quot;/home/pilar/Escritorio/tp3_taller/Dune_TP3/client/build-client_interface-Desktop-Debug/lib/libSDL2pp/Makefile&quot;  VERBOSE=1 clean"/>
					<DistClean command="/usr/bin/make -j4 -f &quot;/home/pilar/Escritorio/tp3_taller/Dune_TP3/client/build-client_interface-Desktop-Debug/lib/libSDL2pp/Makefile&quot;  VERBOSE=1 clean"/>
				</MakeCommands>
			</Target>
		</Build>
		<Unit filename="/home/pilar/Escritorio/tp3_taller/Dune_TP3/client/Animation.cpp">
			<Option target="client_interface"/>
		</Unit>
		<Unit filename="/home/pilar/Escritorio/tp3_taller/Dune_TP3/client/Animation.h">
			<Option target="client_interface"/>
		</Unit>
		<Unit filename="/home/pilar/Escritorio/tp3_taller/Dune_TP3/client/Area.cpp">
			<Option target="client_interface"/>
		</Unit>
		<Unit filename="/home/pilar/Escritorio/tp3_taller/Dune_TP3/client/Area.h">
			<Option target="client_interface"/>
		</Unit>
		<Unit filename="/home/pilar/Escritorio/tp3_taller/Dune_TP3/client/BackGroundTile.cpp">
			<Option target="client_interface"/>
		</Unit>
		<Unit filename="/home/pilar/Escritorio/tp3_taller/Dune_TP3/client/BackGroundTile.h">
			<Option target="client_interface"/>
		</Unit>
		<Unit filename="/home/pilar/Escritorio/tp3_taller/Dune_TP3/client/BlockingQueue.h">
			<Option target="client_interface"/>
		</Unit>
		<Unit filename="/home/pilar/Escritorio/tp3_taller/Dune_TP3/client/Camera.cpp">
			<Option target="client_interface"/>
		</Unit>
		<Unit filename="/home/pilar/Escritorio/tp3_taller/Dune_TP3/client/Camera.h">
			<Option target="client_interface"/>
		</Unit>
		<Unit filename="/home/pilar/Escritorio/tp3_taller/Dune_TP3/client/ClientInput.cpp">
			<Option target="client_interface"/>
		</Unit>
		<Unit filename="/home/pilar/Escritorio/tp3_taller/Dune_TP3/client/ClientInput.h">
			<Option target="client_interface"/>
		</Unit>
		<Unit filename="/home/pilar/Escritorio/tp3_taller/Dune_TP3/client/Construction.cpp">
			<Option target="client_interface"/>
		</Unit>
		<Unit filename="/home/pilar/Escritorio/tp3_taller/Dune_TP3/client/Construction.h">
			<Option target="client_interface"/>
		</Unit>
		<Unit filename="/home/pilar/Escritorio/tp3_taller/Dune_TP3/client/Drawer.cpp">
			<Option target="client_interface"/>
		</Unit>
		<Unit filename="/home/pilar/Escritorio/tp3_taller/Dune_TP3/client/Drawer.h">
			<Option target="client_interface"/>
		</Unit>
		<Unit filename="/home/pilar/Escritorio/tp3_taller/Dune_TP3/client/GameView.cpp">
			<Option target="client_interface"/>
		</Unit>
		<Unit filename="/home/pilar/Escritorio/tp3_taller/Dune_TP3/client/GameView.h">
			<Option target="client_interface"/>
		</Unit>
		<Unit filename="/home/pilar/Escritorio/tp3_taller/Dune_TP3/client/MapView.cpp">
			<Option target="client_interface"/>
		</Unit>
		<Unit filename="/home/pilar/Escritorio/tp3_taller/Dune_TP3/client/MapView.h">
			<Option target="client_interface"/>
		</Unit>
		<Unit filename="/home/pilar/Escritorio/tp3_taller/Dune_TP3/client/MenuImage.cpp">
			<Option target="client_interface"/>
		</Unit>
		<Unit filename="/home/pilar/Escritorio/tp3_taller/Dune_TP3/client/MenuImage.h">
			<Option target="client_interface"/>
		</Unit>
		<Unit filename="/home/pilar/Escritorio/tp3_taller/Dune_TP3/client/MenuText.cpp">
			<Option target="client_interface"/>
		</Unit>
		<Unit filename="/home/pilar/Escritorio/tp3_taller/Dune_TP3/client/MenuText.h">
			<Option target="client_interface"/>
		</Unit>
		<Unit filename="/home/pilar/Escritorio/tp3_taller/Dune_TP3/client/Renderizable.cpp">
			<Option target="client_interface"/>
		</Unit>
		<Unit filename="/home/pilar/Escritorio/tp3_taller/Dune_TP3/client/Renderizable.h">
			<Option target="client_interface"/>
		</Unit>
		<Unit filename="/home/pilar/Escritorio/tp3_taller/Dune_TP3/client/SdlTexture.cpp">
			<Option target="client_interface"/>
		</Unit>
		<Unit filename="/home/pilar/Escritorio/tp3_taller/Dune_TP3/client/SdlTexture.h">
			<Option target="client_interface"/>
		</Unit>
		<Unit filename="/home/pilar/Escritorio/tp3_taller/Dune_TP3/client/SdlWindow.cpp">
			<Option target="client_interface"/>
		</Unit>
		<Unit filename="/home/pilar/Escritorio/tp3_taller/Dune_TP3/client/SdlWindow.h">
			<Option target="client_interface"/>
		</Unit>
		<Unit filename="/home/pilar/Escritorio/tp3_taller/Dune_TP3/client/ServerDespatcher.cpp">
			<Option target="client_interface"/>
		</Unit>
		<Unit filename="/home/pilar/Escritorio/tp3_taller/Dune_TP3/client/ServerDespatcher.h">
			<Option target="client_interface"/>
		</Unit>
		<Unit filename="/home/pilar/Escritorio/tp3_taller/Dune_TP3/client/ServerReceiver.cpp">
			<Option target="client_interface"/>
		</Unit>
		<Unit filename="/home/pilar/Escritorio/tp3_taller/Dune_TP3/client/ServerReceiver.h">
			<Option target="client_interface"/>
		</Unit>
		<Unit filename="/home/pilar/Escritorio/tp3_taller/Dune_TP3/client/Unit.cpp">
			<Option target="client_interface"/>
		</Unit>
		<Unit filename="/home/pilar/Escritorio/tp3_taller/Dune_TP3/client/Unit.h">
			<Option target="client_interface"/>
		</Unit>
		<Unit filename="/home/pilar/Escritorio/tp3_taller/Dune_TP3/client/UserInputReceiver.cpp">
			<Option target="client_interface"/>
		</Unit>
		<Unit filename="/home/pilar/Escritorio/tp3_taller/Dune_TP3/client/UserInputReceiver.h">
			<Option target="client_interface"/>
		</Unit>
		<Unit filename="/home/pilar/Escritorio/tp3_taller/Dune_TP3/client/build-client_interface-Desktop-Debug/client_interface_autogen/EWIEGA46WW/qrc_imagehouse.cpp">
			<Option target="client_interface"/>
		</Unit>
		<Unit filename="/home/pilar/Escritorio/tp3_taller/Dune_TP3/client/build-client_interface-Desktop-Debug/client_interface_autogen/EWIEGA46WW/qrc_imagehouse.cpp.rule">
			<Option target="client_interface"/>
		</Unit>
		<Unit filename="/home/pilar/Escritorio/tp3_taller/Dune_TP3/client/build-client_interface-Desktop-Debug/client_interface_autogen/mocs_compilation.cpp">
			<Option target="client_interface"/>
		</Unit>
		<Unit filename="/home/pilar/Escritorio/tp3_taller/Dune_TP3/client/build-client_interface-Desktop-Debug/lib/libSDL2pp/SDL2pp_autogen/mocs_compilation.cpp">
			<Option target="SDL2pp"/>
		</Unit>
		<Unit filename="/home/pilar/Escritorio/tp3_taller/Dune_TP3/client/client_client.cpp">
			<Option target="client_interface"/>
		</Unit>
		<Unit filename="/home/pilar/Escritorio/tp3_taller/Dune_TP3/client/client_client.h">
			<Option target="client_interface"/>
		</Unit>
		<Unit filename="/home/pilar/Escritorio/tp3_taller/Dune_TP3/client/client_interface/choosehouse.cpp">
			<Option target="client_interface"/>
		</Unit>
		<Unit filename="/home/pilar/Escritorio/tp3_taller/Dune_TP3/client/client_interface/choosehouse.h">
			<Option target="client_interface"/>
		</Unit>
		<Unit filename="/home/pilar/Escritorio/tp3_taller/Dune_TP3/client/client_interface/choosehouse.ui">
			<Option target="client_interface"/>
		</Unit>
		<Unit filename="/home/pilar/Escritorio/tp3_taller/Dune_TP3/client/client_interface/creategamewindow.cpp">
			<Option target="client_interface"/>
		</Unit>
		<Unit filename="/home/pilar/Escritorio/tp3_taller/Dune_TP3/client/client_interface/creategamewindow.h">
			<Option target="client_interface"/>
		</Unit>
		<Unit filename="/home/pilar/Escritorio/tp3_taller/Dune_TP3/client/client_interface/creategamewindow.ui">
			<Option target="client_interface"/>
		</Unit>
		<Unit filename="/home/pilar/Escritorio/tp3_taller/Dune_TP3/client/client_interface/imagehouse.qrc">
			<Option target="client_interface"/>
		</Unit>
		<Unit filename="/home/pilar/Escritorio/tp3_taller/Dune_TP3/client/client_interface/joingamewindow.cpp">
			<Option target="client_interface"/>
		</Unit>
		<Unit filename="/home/pilar/Escritorio/tp3_taller/Dune_TP3/client/client_interface/joingamewindow.h">
			<Option target="client_interface"/>
		</Unit>
		<Unit filename="/home/pilar/Escritorio/tp3_taller/Dune_TP3/client/client_interface/joingamewindow.ui">
			<Option target="client_interface"/>
		</Unit>
		<Unit filename="/home/pilar/Escritorio/tp3_taller/Dune_TP3/client/client_interface/lib/libSDL2pp/SDL2pp/AudioDevice.cc">
			<Option target="SDL2pp"/>
		</Unit>
		<Unit filename="/home/pilar/Escritorio/tp3_taller/Dune_TP3/client/client_interface/lib/libSDL2pp/SDL2pp/AudioDevice.hh">
			<Option target="SDL2pp"/>
		</Unit>
		<Unit filename="/home/pilar/Escritorio/tp3_taller/Dune_TP3/client/client_interface/lib/libSDL2pp/SDL2pp/AudioLock.cc">
			<Option target="SDL2pp"/>
		</Unit>
		<Unit filename="/home/pilar/Escritorio/tp3_taller/Dune_TP3/client/client_interface/lib/libSDL2pp/SDL2pp/AudioSpec.cc">
			<Option target="SDL2pp"/>
		</Unit>
		<Unit filename="/home/pilar/Escritorio/tp3_taller/Dune_TP3/client/client_interface/lib/libSDL2pp/SDL2pp/AudioSpec.hh">
			<Option target="SDL2pp"/>
		</Unit>
		<Unit filename="/home/pilar/Escritorio/tp3_taller/Dune_TP3/client/client_interface/lib/libSDL2pp/SDL2pp/Color.cc">
			<Option target="SDL2pp"/>
		</Unit>
		<Unit filename="/home/pilar/Escritorio/tp3_taller/Dune_TP3/client/client_interface/lib/libSDL2pp/SDL2pp/Color.hh">
			<Option target="SDL2pp"/>
		</Unit>
		<Unit filename="/home/pilar/Escritorio/tp3_taller/Dune_TP3/client/client_interface/lib/libSDL2pp/SDL2pp/ContainerRWops.hh">
			<Option target="SDL2pp"/>
		</Unit>
		<Unit filename="/home/pilar/Escritorio/tp3_taller/Dune_TP3/client/client_interface/lib/libSDL2pp/SDL2pp/Exception.cc">
			<Option target="SDL2pp"/>
		</Unit>
		<Unit filename="/home/pilar/Escritorio/tp3_taller/Dune_TP3/client/client_interface/lib/libSDL2pp/SDL2pp/Exception.hh">
			<Option target="SDL2pp"/>
		</Unit>
		<Unit filename="/home/pilar/Escritorio/tp3_taller/Dune_TP3/client/client_interface/lib/libSDL2pp/SDL2pp/Font.cc">
			<Option target="SDL2pp"/>
		</Unit>
		<Unit filename="/home/pilar/Escritorio/tp3_taller/Dune_TP3/client/client_interface/lib/libSDL2pp/SDL2pp/Font.hh">
			<Option target="SDL2pp"/>
		</Unit>
		<Unit filename="/home/pilar/Escritorio/tp3_taller/Dune_TP3/client/client_interface/lib/libSDL2pp/SDL2pp/Optional.hh">
			<Option target="SDL2pp"/>
		</Unit>
		<Unit filename="/home/pilar/Escritorio/tp3_taller/Dune_TP3/client/client_interface/lib/libSDL2pp/SDL2pp/Point.cc">
			<Option target="SDL2pp"/>
		</Unit>
		<Unit filename="/home/pilar/Escritorio/tp3_taller/Dune_TP3/client/client_interface/lib/libSDL2pp/SDL2pp/Point.hh">
			<Option target="SDL2pp"/>
		</Unit>
		<Unit filename="/home/pilar/Escritorio/tp3_taller/Dune_TP3/client/client_interface/lib/libSDL2pp/SDL2pp/RWops.cc">
			<Option target="SDL2pp"/>
		</Unit>
		<Unit filename="/home/pilar/Escritorio/tp3_taller/Dune_TP3/client/client_interface/lib/libSDL2pp/SDL2pp/RWops.hh">
			<Option target="SDL2pp"/>
		</Unit>
		<Unit filename="/home/pilar/Escritorio/tp3_taller/Dune_TP3/client/client_interface/lib/libSDL2pp/SDL2pp/Rect.cc">
			<Option target="SDL2pp"/>
		</Unit>
		<Unit filename="/home/pilar/Escritorio/tp3_taller/Dune_TP3/client/client_interface/lib/libSDL2pp/SDL2pp/Rect.hh">
			<Option target="SDL2pp"/>
		</Unit>
		<Unit filename="/home/pilar/Escritorio/tp3_taller/Dune_TP3/client/client_interface/lib/libSDL2pp/SDL2pp/Renderer.cc">
			<Option target="SDL2pp"/>
		</Unit>
		<Unit filename="/home/pilar/Escritorio/tp3_taller/Dune_TP3/client/client_interface/lib/libSDL2pp/SDL2pp/Renderer.hh">
			<Option target="SDL2pp"/>
		</Unit>
		<Unit filename="/home/pilar/Escritorio/tp3_taller/Dune_TP3/client/client_interface/lib/libSDL2pp/SDL2pp/SDL.cc">
			<Option target="SDL2pp"/>
		</Unit>
		<Unit filename="/home/pilar/Escritorio/tp3_taller/Dune_TP3/client/client_interface/lib/libSDL2pp/SDL2pp/SDL.hh">
			<Option target="SDL2pp"/>
		</Unit>
		<Unit filename="/home/pilar/Escritorio/tp3_taller/Dune_TP3/client/client_interface/lib/libSDL2pp/SDL2pp/SDL2pp.hh">
			<Option target="SDL2pp"/>
		</Unit>
		<Unit filename="/home/pilar/Escritorio/tp3_taller/Dune_TP3/client/client_interface/lib/libSDL2pp/SDL2pp/SDLImage.cc">
			<Option target="SDL2pp"/>
		</Unit>
		<Unit filename="/home/pilar/Escritorio/tp3_taller/Dune_TP3/client/client_interface/lib/libSDL2pp/SDL2pp/SDLImage.hh">
			<Option target="SDL2pp"/>
		</Unit>
		<Unit filename="/home/pilar/Escritorio/tp3_taller/Dune_TP3/client/client_interface/lib/libSDL2pp/SDL2pp/SDLTTF.cc">
			<Option target="SDL2pp"/>
		</Unit>
		<Unit filename="/home/pilar/Escritorio/tp3_taller/Dune_TP3/client/client_interface/lib/libSDL2pp/SDL2pp/SDLTTF.hh">
			<Option target="SDL2pp"/>
		</Unit>
		<Unit filename="/home/pilar/Escritorio/tp3_taller/Dune_TP3/client/client_interface/lib/libSDL2pp/SDL2pp/StreamRWops.hh">
			<Option target="SDL2pp"/>
		</Unit>
		<Unit filename="/home/pilar/Escritorio/tp3_taller/Dune_TP3/client/client_interface/lib/libSDL2pp/SDL2pp/Surface.cc">
			<Option target="SDL2pp"/>
		</Unit>
		<Unit filename="/home/pilar/Escritorio/tp3_taller/Dune_TP3/client/client_interface/lib/libSDL2pp/SDL2pp/Surface.hh">
			<Option target="SDL2pp"/>
		</Unit>
		<Unit filename="/home/pilar/Escritorio/tp3_taller/Dune_TP3/client/client_interface/lib/libSDL2pp/SDL2pp/SurfaceLock.cc">
			<Option target="SDL2pp"/>
		</Unit>
		<Unit filename="/home/pilar/Escritorio/tp3_taller/Dune_TP3/client/client_interface/lib/libSDL2pp/SDL2pp/Texture.cc">
			<Option target="SDL2pp"/>
		</Unit>
		<Unit filename="/home/pilar/Escritorio/tp3_taller/Dune_TP3/client/client_interface/lib/libSDL2pp/SDL2pp/Texture.hh">
			<Option target="SDL2pp"/>
		</Unit>
		<Unit filename="/home/pilar/Escritorio/tp3_taller/Dune_TP3/client/client_interface/lib/libSDL2pp/SDL2pp/TextureLock.cc">
			<Option target="SDL2pp"/>
		</Unit>
		<Unit filename="/home/pilar/Escritorio/tp3_taller/Dune_TP3/client/client_interface/lib/libSDL2pp/SDL2pp/Wav.cc">
			<Option target="SDL2pp"/>
		</Unit>
		<Unit filename="/home/pilar/Escritorio/tp3_taller/Dune_TP3/client/client_interface/lib/libSDL2pp/SDL2pp/Wav.hh">
			<Option target="SDL2pp"/>
		</Unit>
		<Unit filename="/home/pilar/Escritorio/tp3_taller/Dune_TP3/client/client_interface/lib/libSDL2pp/SDL2pp/Window.cc">
			<Option target="SDL2pp"/>
		</Unit>
		<Unit filename="/home/pilar/Escritorio/tp3_taller/Dune_TP3/client/client_interface/lib/libSDL2pp/SDL2pp/Window.hh">
			<Option target="SDL2pp"/>
		</Unit>
		<Unit filename="/home/pilar/Escritorio/tp3_taller/Dune_TP3/client/client_interface/main.cpp">
			<Option target="client_interface"/>
		</Unit>
		<Unit filename="/home/pilar/Escritorio/tp3_taller/Dune_TP3/client/client_interface/maingame.cpp">
			<Option target="client_interface"/>
		</Unit>
		<Unit filename="/home/pilar/Escritorio/tp3_taller/Dune_TP3/client/client_interface/maingame.h">
			<Option target="client_interface"/>
		</Unit>
		<Unit filename="/home/pilar/Escritorio/tp3_taller/Dune_TP3/client/client_interface/maingame.ui">
			<Option target="client_interface"/>
		</Unit>
		<Unit filename="/home/pilar/Escritorio/tp3_taller/Dune_TP3/client/client_interface/mainwindow.cpp">
			<Option target="client_interface"/>
		</Unit>
		<Unit filename="/home/pilar/Escritorio/tp3_taller/Dune_TP3/client/client_interface/mainwindow.h">
			<Option target="client_interface"/>
		</Unit>
		<Unit filename="/home/pilar/Escritorio/tp3_taller/Dune_TP3/client/client_interface/mainwindow.ui">
			<Option target="client_interface"/>
		</Unit>
		<Unit filename="/home/pilar/Escritorio/tp3_taller/Dune_TP3/client/client_interface/waitingWindow.cpp">
			<Option target="client_interface"/>
		</Unit>
		<Unit filename="/home/pilar/Escritorio/tp3_taller/Dune_TP3/client/client_interface/waitingWindow.h">
			<Option target="client_interface"/>
		</Unit>
		<Unit filename="/home/pilar/Escritorio/tp3_taller/Dune_TP3/client/client_interface/waitingWindow.ui">
			<Option target="client_interface"/>
		</Unit>
		<Unit filename="/home/pilar/Escritorio/tp3_taller/Dune_TP3/client/client_protocol.cpp">
			<Option target="client_interface"/>
		</Unit>
		<Unit filename="/home/pilar/Escritorio/tp3_taller/Dune_TP3/client/client_protocol.h">
			<Option target="client_interface"/>
		</Unit>
		<Unit filename="/home/pilar/Escritorio/tp3_taller/Dune_TP3/client/common_resolver.cpp">
			<Option target="client_interface"/>
		</Unit>
		<Unit filename="/home/pilar/Escritorio/tp3_taller/Dune_TP3/client/common_resolver.h">
			<Option target="client_interface"/>
		</Unit>
		<Unit filename="/home/pilar/Escritorio/tp3_taller/Dune_TP3/client/common_socket.cpp">
			<Option target="client_interface"/>
		</Unit>
		<Unit filename="/home/pilar/Escritorio/tp3_taller/Dune_TP3/client/common_socket.h">
			<Option target="client_interface"/>
		</Unit>
		<Unit filename="/home/pilar/Escritorio/tp3_taller/Dune_TP3/client/thread.cpp">
			<Option target="client_interface"/>
		</Unit>
		<Unit filename="/home/pilar/Escritorio/tp3_taller/Dune_TP3/client/thread.h">
			<Option target="client_interface"/>
		</Unit>
		<Unit filename="/home/pilar/Escritorio/tp3_taller/Dune_TP3/client/client_interface/CMakeLists.txt">
			<Option virtualFolder="CMake Files\"/>
		</Unit>
		<Unit filename="/home/pilar/Escritorio/tp3_taller/Dune_TP3/client/client_interface/imagehouse.qrc">
			<Option virtualFolder="CMake Files\"/>
		</Unit>
		<Unit filename="/home/pilar/Escritorio/tp3_taller/Dune_TP3/client/client_interface/../../../../../Qt/Tools/QtCreator/share/qtcreator/package-manager/auto-setup.cmake">
			<Option virtualFolder="CMake Files\..\..\..\..\..\Qt\Tools\QtCreator\share\qtcreator\package-manager\"/>
		</Unit>
		<Unit filename="/home/pilar/Escritorio/tp3_taller/Dune_TP3/client/client_interface/../../../../../../../usr/lib/x86_64-linux-gnu/cmake/Qt5/Qt5Config.cmake">
			<Option virtualFolder="CMake Files\..\..\..\..\..\..\..\usr\lib\x86_64-linux-gnu\cmake\Qt5\"/>
		</Unit>
		<Unit filename="/home/pilar/Escritorio/tp3_taller/Dune_TP3/client/client_interface/../../../../../../../usr/lib/x86_64-linux-gnu/cmake/Qt5/Qt5ConfigVersion.cmake">
			<Option virtualFolder="CMake Files\..\..\..\..\..\..\..\usr\lib\x86_64-linux-gnu\cmake\Qt5\"/>
		</Unit>
		<Unit filename="/home/pilar/Escritorio/tp3_taller/Dune_TP3/client/client_interface/../../../../../../../usr/lib/x86_64-linux-gnu/cmake/Qt5/Qt5ModuleLocation.cmake">
			<Option virtualFolder="CMake Files\..\..\..\..\..\..\..\usr\lib\x86_64-linux-gnu\cmake\Qt5\"/>
		</Unit>
		<Unit filename="/home/pilar/Escritorio/tp3_taller/Dune_TP3/client/client_interface/../../../../../../../usr/lib/x86_64-linux-gnu/cmake/Qt5Widgets/Qt5WidgetsConfig.cmake">
			<Option virtualFolder="CMake Files\..\..\..\..\..\..\..\usr\lib\x86_64-linux-gnu\cmake\Qt5Widgets\"/>
		</Unit>
		<Unit filename="/home/pilar/Escritorio/tp3_taller/Dune_TP3/client/client_interface/../../../../../../../usr/lib/x86_64-linux-gnu/cmake/Qt5Widgets/Qt5WidgetsConfigExtras.cmake">
			<Option virtualFolder="CMake Files\..\..\..\..\..\..\..\usr\lib\x86_64-linux-gnu\cmake\Qt5Widgets\"/>
		</Unit>
		<Unit filename="/home/pilar/Escritorio/tp3_taller/Dune_TP3/client/client_interface/../../../../../../../usr/lib/x86_64-linux-gnu/cmake/Qt5Widgets/Qt5WidgetsConfigVersion.cmake">
			<Option virtualFolder="CMake Files\..\..\..\..\..\..\..\usr\lib\x86_64-linux-gnu\cmake\Qt5Widgets\"/>
		</Unit>
		<Unit filename="/home/pilar/Escritorio/tp3_taller/Dune_TP3/client/client_interface/../../../../../../../usr/lib/x86_64-linux-gnu/cmake/Qt5Widgets/Qt5WidgetsMacros.cmake">
			<Option virtualFolder="CMake Files\..\..\..\..\..\..\..\usr\lib\x86_64-linux-gnu\cmake\Qt5Widgets\"/>
		</Unit>
		<Unit filename="/home/pilar/Escritorio/tp3_taller/Dune_TP3/client/client_interface/../../../../../../../usr/lib/x86_64-linux-gnu/cmake/Qt5Gui/Qt5GuiConfig.cmake">
			<Option virtualFolder="CMake Files\..\..\..\..\..\..\..\usr\lib\x86_64-linux-gnu\cmake\Qt5Gui\"/>
		</Unit>
		<Unit filename="/home/pilar/Escritorio/tp3_taller/Dune_TP3/client/client_interface/../../../../../../../usr/lib/x86_64-linux-gnu/cmake/Qt5Gui/Qt5GuiConfigExtras.cmake">
			<Option virtualFolder="CMake Files\..\..\..\..\..\..\..\usr\lib\x86_64-linux-gnu\cmake\Qt5Gui\"/>
		</Unit>
		<Unit filename="/home/pilar/Escritorio/tp3_taller/Dune_TP3/client/client_interface/../../../../../../../usr/lib/x86_64-linux-gnu/cmake/Qt5Gui/Qt5GuiConfigVersion.cmake">
			<Option virtualFolder="CMake Files\..\..\..\..\..\..\..\usr\lib\x86_64-linux-gnu\cmake\Qt5Gui\"/>
		</Unit>
		<Unit filename="/home/pilar/Escritorio/tp3_taller/Dune_TP3/client/client_interface/../../../../../../../usr/lib/x86_64-linux-gnu/cmake/Qt5Gui/Qt5Gui_QComposePlatformInputContextPlugin.cmake">
			<Option virtualFolder="CMake Files\..\..\..\..\..\..\..\usr\lib\x86_64-linux-gnu\cmake\Qt5Gui\"/>
		</Unit>
		<Unit filename="/home/pilar/Escritorio/tp3_taller/Dune_TP3/client/client_interface/../../../../../../../usr/lib/x86_64-linux-gnu/cmake/Qt5Gui/Qt5Gui_QEglFSEmulatorIntegrationPlugin.cmake">
			<Option virtualFolder="CMake Files\..\..\..\..\..\..\..\usr\lib\x86_64-linux-gnu\cmake\Qt5Gui\"/>
		</Unit>
		<Unit filename="/home/pilar/Escritorio/tp3_taller/Dune_TP3/client/client_interface/../../../../../../../usr/lib/x86_64-linux-gnu/cmake/Qt5Gui/Qt5Gui_QEglFSIntegrationPlugin.cmake">
			<Option virtualFolder="CMake Files\..\..\..\..\..\..\..\usr\lib\x86_64-linux-gnu\cmake\Qt5Gui\"/>
		</Unit>
		<Unit filename="/home/pilar/Escritorio/tp3_taller/Dune_TP3/client/client_interface/../../../../../../../usr/lib/x86_64-linux-gnu/cmake/Qt5Gui/Qt5Gui_QEglFSKmsEglDeviceIntegrationPlugin.cmake">
			<Option virtualFolder="CMake Files\..\..\..\..\..\..\..\usr\lib\x86_64-linux-gnu\cmake\Qt5Gui\"/>
		</Unit>
		<Unit filename="/home/pilar/Escritorio/tp3_taller/Dune_TP3/client/client_interface/../../../../../../../usr/lib/x86_64-linux-gnu/cmake/Qt5Gui/Qt5Gui_QEglFSKmsGbmIntegrationPlugin.cmake">
			<Option virtualFolder="CMake Files\..\..\..\..\..\..\..\usr\lib\x86_64-linux-gnu\cmake\Qt5Gui\"/>
		</Unit>
		<Unit filename="/home/pilar/Escritorio/tp3_taller/Dune_TP3/client/client_interface/../../../../../../../usr/lib/x86_64-linux-gnu/cmake/Qt5Gui/Qt5Gui_QEglFSX11IntegrationPlugin.cmake">
			<Option virtualFolder="CMake Files\..\..\..\..\..\..\..\usr\lib\x86_64-linux-gnu\cmake\Qt5Gui\"/>
		</Unit>
		<Unit filename="/home/pilar/Escritorio/tp3_taller/Dune_TP3/client/client_interface/../../../../../../../usr/lib/x86_64-linux-gnu/cmake/Qt5Gui/Qt5Gui_QEvdevKeyboardPlugin.cmake">
			<Option virtualFolder="CMake Files\..\..\..\..\..\..\..\usr\lib\x86_64-linux-gnu\cmake\Qt5Gui\"/>
		</Unit>
		<Unit filename="/home/pilar/Escritorio/tp3_taller/Dune_TP3/client/client_interface/../../../../../../../usr/lib/x86_64-linux-gnu/cmake/Qt5Gui/Qt5Gui_QEvdevMousePlugin.cmake">
			<Option virtualFolder="CMake Files\..\..\..\..\..\..\..\usr\lib\x86_64-linux-gnu\cmake\Qt5Gui\"/>
		</Unit>
		<Unit filename="/home/pilar/Escritorio/tp3_taller/Dune_TP3/client/client_interface/../../../../../../../usr/lib/x86_64-linux-gnu/cmake/Qt5Gui/Qt5Gui_QEvdevTabletPlugin.cmake">
			<Option virtualFolder="CMake Files\..\..\..\..\..\..\..\usr\lib\x86_64-linux-gnu\cmake\Qt5Gui\"/>
		</Unit>
		<Unit filename="/home/pilar/Escritorio/tp3_taller/Dune_TP3/client/client_interface/../../../../../../../usr/lib/x86_64-linux-gnu/cmake/Qt5Gui/Qt5Gui_QEvdevTouchScreenPlugin.cmake">
			<Option virtualFolder="CMake Files\..\..\..\..\..\..\..\usr\lib\x86_64-linux-gnu\cmake\Qt5Gui\"/>
		</Unit>
		<Unit filename="/home/pilar/Escritorio/tp3_taller/Dune_TP3/client/client_interface/../../../../../../../usr/lib/x86_64-linux-gnu/cmake/Qt5Gui/Qt5Gui_QGifPlugin.cmake">
			<Option virtualFolder="CMake Files\..\..\..\..\..\..\..\usr\lib\x86_64-linux-gnu\cmake\Qt5Gui\"/>
		</Unit>
		<Unit filename="/home/pilar/Escritorio/tp3_taller/Dune_TP3/client/client_interface/../../../../../../../usr/lib/x86_64-linux-gnu/cmake/Qt5Gui/Qt5Gui_QICOPlugin.cmake">
			<Option virtualFolder="CMake Files\..\..\..\..\..\..\..\usr\lib\x86_64-linux-gnu\cmake\Qt5Gui\"/>
		</Unit>
		<Unit filename="/home/pilar/Escritorio/tp3_taller/Dune_TP3/client/client_interface/../../../../../../../usr/lib/x86_64-linux-gnu/cmake/Qt5Gui/Qt5Gui_QIbusPlatformInputContextPlugin.cmake">
			<Option virtualFolder="CMake Files\..\..\..\..\..\..\..\usr\lib\x86_64-linux-gnu\cmake\Qt5Gui\"/>
		</Unit>
		<Unit filename="/home/pilar/Escritorio/tp3_taller/Dune_TP3/client/client_interface/../../../../../../../usr/lib/x86_64-linux-gnu/cmake/Qt5Gui/Qt5Gui_QJpegPlugin.cmake">
			<Option virtualFolder="CMake Files\..\..\..\..\..\..\..\usr\lib\x86_64-linux-gnu\cmake\Qt5Gui\"/>
		</Unit>
		<Unit filename="/home/pilar/Escritorio/tp3_taller/Dune_TP3/client/client_interface/../../../../../../../usr/lib/x86_64-linux-gnu/cmake/Qt5Gui/Qt5Gui_QLibInputPlugin.cmake">
			<Option virtualFolder="CMake Files\..\..\..\..\..\..\..\usr\lib\x86_64-linux-gnu\cmake\Qt5Gui\"/>
		</Unit>
		<Unit filename="/home/pilar/Escritorio/tp3_taller/Dune_TP3/client/client_interface/../../../../../../../usr/lib/x86_64-linux-gnu/cmake/Qt5Gui/Qt5Gui_QLinuxFbIntegrationPlugin.cmake">
			<Option virtualFolder="CMake Files\..\..\..\..\..\..\..\usr\lib\x86_64-linux-gnu\cmake\Qt5Gui\"/>
		</Unit>
		<Unit filename="/home/pilar/Escritorio/tp3_taller/Dune_TP3/client/client_interface/../../../../../../../usr/lib/x86_64-linux-gnu/cmake/Qt5Gui/Qt5Gui_QMinimalEglIntegrationPlugin.cmake">
			<Option virtualFolder="CMake Files\..\..\..\..\..\..\..\usr\lib\x86_64-linux-gnu\cmake\Qt5Gui\"/>
		</Unit>
		<Unit filename="/home/pilar/Escritorio/tp3_taller/Dune_TP3/client/client_interface/../../../../../../../usr/lib/x86_64-linux-gnu/cmake/Qt5Gui/Qt5Gui_QMinimalIntegrationPlugin.cmake">
			<Option virtualFolder="CMake Files\..\..\..\..\..\..\..\usr\lib\x86_64-linux-gnu\cmake\Qt5Gui\"/>
		</Unit>
		<Unit filename="/home/pilar/Escritorio/tp3_taller/Dune_TP3/client/client_interface/../../../../../../../usr/lib/x86_64-linux-gnu/cmake/Qt5Gui/Qt5Gui_QOffscreenIntegrationPlugin.cmake">
			<Option virtualFolder="CMake Files\..\..\..\..\..\..\..\usr\lib\x86_64-linux-gnu\cmake\Qt5Gui\"/>
		</Unit>
		<Unit filename="/home/pilar/Escritorio/tp3_taller/Dune_TP3/client/client_interface/../../../../../../../usr/lib/x86_64-linux-gnu/cmake/Qt5Gui/Qt5Gui_QTuioTouchPlugin.cmake">
			<Option virtualFolder="CMake Files\..\..\..\..\..\..\..\usr\lib\x86_64-linux-gnu\cmake\Qt5Gui\"/>
		</Unit>
		<Unit filename="/home/pilar/Escritorio/tp3_taller/Dune_TP3/client/client_interface/../../../../../../../usr/lib/x86_64-linux-gnu/cmake/Qt5Gui/Qt5Gui_QVncIntegrationPlugin.cmake">
			<Option virtualFolder="CMake Files\..\..\..\..\..\..\..\usr\lib\x86_64-linux-gnu\cmake\Qt5Gui\"/>
		</Unit>
		<Unit filename="/home/pilar/Escritorio/tp3_taller/Dune_TP3/client/client_interface/../../../../../../../usr/lib/x86_64-linux-gnu/cmake/Qt5Gui/Qt5Gui_QXcbEglIntegrationPlugin.cmake">
			<Option virtualFolder="CMake Files\..\..\..\..\..\..\..\usr\lib\x86_64-linux-gnu\cmake\Qt5Gui\"/>
		</Unit>
		<Unit filename="/home/pilar/Escritorio/tp3_taller/Dune_TP3/client/client_interface/../../../../../../../usr/lib/x86_64-linux-gnu/cmake/Qt5Gui/Qt5Gui_QXcbGlxIntegrationPlugin.cmake">
			<Option virtualFolder="CMake Files\..\..\..\..\..\..\..\usr\lib\x86_64-linux-gnu\cmake\Qt5Gui\"/>
		</Unit>
		<Unit filename="/home/pilar/Escritorio/tp3_taller/Dune_TP3/client/client_interface/../../../../../../../usr/lib/x86_64-linux-gnu/cmake/Qt5Gui/Qt5Gui_QXcbIntegrationPlugin.cmake">
			<Option virtualFolder="CMake Files\..\..\..\..\..\..\..\usr\lib\x86_64-linux-gnu\cmake\Qt5Gui\"/>
		</Unit>
		<Unit filename="/home/pilar/Escritorio/tp3_taller/Dune_TP3/client/client_interface/../../../../../../../usr/lib/x86_64-linux-gnu/cmake/Qt5Core/Qt5CoreConfig.cmake">
			<Option virtualFolder="CMake Files\..\..\..\..\..\..\..\usr\lib\x86_64-linux-gnu\cmake\Qt5Core\"/>
		</Unit>
		<Unit filename="/home/pilar/Escritorio/tp3_taller/Dune_TP3/client/client_interface/../../../../../../../usr/lib/x86_64-linux-gnu/cmake/Qt5Core/Qt5CoreConfigExtras.cmake">
			<Option virtualFolder="CMake Files\..\..\..\..\..\..\..\usr\lib\x86_64-linux-gnu\cmake\Qt5Core\"/>
		</Unit>
		<Unit filename="/home/pilar/Escritorio/tp3_taller/Dune_TP3/client/client_interface/../../../../../../../usr/lib/x86_64-linux-gnu/cmake/Qt5Core/Qt5CoreConfigExtrasMkspecDir.cmake">
			<Option virtualFolder="CMake Files\..\..\..\..\..\..\..\usr\lib\x86_64-linux-gnu\cmake\Qt5Core\"/>
		</Unit>
		<Unit filename="/home/pilar/Escritorio/tp3_taller/Dune_TP3/client/client_interface/../../../../../../../usr/lib/x86_64-linux-gnu/cmake/Qt5Core/Qt5CoreConfigVersion.cmake">
			<Option virtualFolder="CMake Files\..\..\..\..\..\..\..\usr\lib\x86_64-linux-gnu\cmake\Qt5Core\"/>
		</Unit>
		<Unit filename="/home/pilar/Escritorio/tp3_taller/Dune_TP3/client/client_interface/../../../../../../../usr/lib/x86_64-linux-gnu/cmake/Qt5Core/Qt5CoreMacros.cmake">
			<Option virtualFolder="CMake Files\..\..\..\..\..\..\..\usr\lib\x86_64-linux-gnu\cmake\Qt5Core\"/>
		</Unit>
		<Unit filename="/home/pilar/Escritorio/tp3_taller/Dune_TP3/client/client_interface/../../../../../../../usr/lib/x86_64-linux-gnu/cmake/yaml-cpp/yaml-cpp-config-version.cmake">
			<Option virtualFolder="CMake Files\..\..\..\..\..\..\..\usr\lib\x86_64-linux-gnu\cmake\yaml-cpp\"/>
		</Unit>
		<Unit filename="/home/pilar/Escritorio/tp3_taller/Dune_TP3/client/client_interface/../../../../../../../usr/lib/x86_64-linux-gnu/cmake/yaml-cpp/yaml-cpp-config.cmake">
			<Option virtualFolder="CMake Files\..\..\..\..\..\..\..\usr\lib\x86_64-linux-gnu\cmake\yaml-cpp\"/>
		</Unit>
		<Unit filename="/home/pilar/Escritorio/tp3_taller/Dune_TP3/client/client_interface/../../../../../../../usr/lib/x86_64-linux-gnu/cmake/yaml-cpp/yaml-cpp-targets-release.cmake">
			<Option virtualFolder="CMake Files\..\..\..\..\..\..\..\usr\lib\x86_64-linux-gnu\cmake\yaml-cpp\"/>
		</Unit>
		<Unit filename="/home/pilar/Escritorio/tp3_taller/Dune_TP3/client/client_interface/../../../../../../../usr/lib/x86_64-linux-gnu/cmake/yaml-cpp/yaml-cpp-targets.cmake">
			<Option virtualFolder="CMake Files\..\..\..\..\..\..\..\usr\lib\x86_64-linux-gnu\cmake\yaml-cpp\"/>
		</Unit>
		<Unit filename="/home/pilar/Escritorio/tp3_taller/Dune_TP3/client/client_interface/lib/libSDL2pp/CMakeLists.txt">
			<Option virtualFolder="CMake Files\lib\libSDL2pp\"/>
		</Unit>
		<Unit filename="/home/pilar/Escritorio/tp3_taller/Dune_TP3/client/client_interface/lib/libSDL2pp/cmake/CheckCompile.cmake">
			<Option virtualFolder="CMake Files\lib\libSDL2pp\cmake\"/>
		</Unit>
		<Unit filename="/home/pilar/Escritorio/tp3_taller/Dune_TP3/client/client_interface/lib/libSDL2pp/cmake/FindSDL2.cmake">
			<Option virtualFolder="CMake Files\lib\libSDL2pp\cmake\"/>
		</Unit>
		<Unit filename="/home/pilar/Escritorio/tp3_taller/Dune_TP3/client/client_interface/lib/libSDL2pp/cmake/FindSDL2_image.cmake">
			<Option virtualFolder="CMake Files\lib\libSDL2pp\cmake\"/>
		</Unit>
		<Unit filename="/home/pilar/Escritorio/tp3_taller/Dune_TP3/client/client_interface/lib/libSDL2pp/cmake/FindSDL2_ttf.cmake">
			<Option virtualFolder="CMake Files\lib\libSDL2pp\cmake\"/>
		</Unit>
		<Unit filename="/home/pilar/Escritorio/tp3_taller/Dune_TP3/client/client_interface/lib/libSDL2pp/SDL2pp/Config.hh.in">
			<Option virtualFolder="CMake Files\lib\libSDL2pp\SDL2pp\"/>
		</Unit>
	</Project>
</CodeBlocks_project_file>
